
Microsoft Visual Studio Solution File, Format Version 9.00
# Visual Studio 2005
Project("{8BC9CEB8-8B4A-11D0-8D11-00A0C91BC942}") = "pakx", "pakx.vcproj", "{58E37235-2C8A-4666-8ADC-4360D61D86DA}"
EndProject
Global
	GlobalSection(SolutionConfigurationPlatforms) = preSolution
		Debug|Win32 = Debug|Win32
		Release|Win32 = Release|Win32
	EndGlobalSection
	GlobalSection(ProjectConfigurationPlatforms) = postSolution
		{58E37235-2C8A-4666-8ADC-4360D61D86DA}.Debug|Win32.ActiveCfg = Debug|Win32
		{58E37235-2C8A-4666-8ADC-4360D61D86DA}.Debug|Win32.Build.0 = Debug|Win32
		{58E37235-2C8A-4666-8ADC-4360D61D86DA}.Debug|x64.ActiveCfg = Debug|x64
		{58E37235-2C8A-4666-8ADC-4360D61D86DA}.Debug|x64.Build.0 = Debug|x64
		{58E37235-2C8A-4666-8ADC-4360D61D86DA}.Release|Win32.ActiveCfg = Release|Win32
		{58E37235-2C8A-4666-8ADC-4360D61D86DA}.Release|Win32.Build.0 = Release|Win32
		{58E37235-2C8A-4666-8ADC-4360D61D86DA}.Release|x64.ActiveCfg = Release|x64
		{58E37235-2C8A-4666-8ADC-4360D61D86DA}.Release|x64.Build.0 = Release|x64
	EndGlobalSection
	GlobalSection(SolutionProperties) = preSolution
		HideSolutionNode = FALSE
	EndGlobalSection
EndGlobal
